
Microsoft Visual Studio Solution File, Format Version 12.00
# Visual Studio Version 17
VisualStudioVersion = 17.2.34031.104
MinimumVisualStudioVersion = 10.0.40219.1
Project("{FAE04EC0-301F-11D3-BF4B-00C04F79EFBC}") = "WebApp", "WebApp\WebApp.csproj", "{BEB2F18B-FA4C-4773-A1D9-6AF9EED7B4B7}"
EndProject
Global
	GlobalSection(SolutionConfigurationPlatforms) = preSolution
		Debug|Any CPU = Debug|Any CPU
		Release|Any CPU = Release|Any CPU
	EndGlobalSection
	GlobalSection(ProjectConfigurationPlatforms) = postSolution
		{BEB2F18B-FA4C-4773-A1D9-6AF9EED7B4B7}.Debug|Any CPU.ActiveCfg = Debug|Any CPU
		{BEB2F18B-FA4C-4773-A1D9-6AF9EED7B4B7}.Debug|Any CPU.Build.0 = Debug|Any CPU
		{BEB2F18B-FA4C-4773-A1D9-6AF9EED7B4B7}.Release|Any CPU.ActiveCfg = Release|Any CPU
		{BEB2F18B-FA4C-4773-A1D9-6AF9EED7B4B7}.Release|Any CPU.Build.0 = Release|Any CPU
	EndGlobalSection
	GlobalSection(SolutionProperties) = preSolution
		HideSolutionNode = FALSE
	EndGlobalSection
	GlobalSection(ExtensibilityGlobals) = postSolution
		SolutionGuid = {FC600B63-28CC-4647-A126-0DAB17DC78B3}
	EndGlobalSection
EndGlobal
